// !$*UTF8*$!
{
	archiveVersion = 1;
	classes = {
	};
	objectVersion = 46;
	objects = {

/* Begin PBXBuildFile section */
		A2353E9D18C0A95600440F0F /* Foundation.framework in Frameworks */ = {isa = PBXBuildFile; fileRef = A2353E9C18C0A95600440F0F /* Foundation.framework */; };
		A2353E9F18C0A95600440F0F /* CoreGraphics.framework in Frameworks */ = {isa = PBXBuildFile; fileRef = A2353E9E18C0A95600440F0F /* CoreGraphics.framework */; };
		A2353EA118C0A95600440F0F /* UIKit.framework in Frameworks */ = {isa = PBXBuildFile; fileRef = A2353EA018C0A95600440F0F /* UIKit.framework */; };
		A2353EA718C0A95600440F0F /* InfoPlist.strings in Resources */ = {isa = PBXBuildFile; fileRef = A2353EA518C0A95600440F0F /* InfoPlist.strings */; };
		A2353EA918C0A95600440F0F /* main.m in Sources */ = {isa = PBXBuildFile; fileRef = A2353EA818C0A95600440F0F /* main.m */; };
		A2353EAD18C0A95600440F0F /* OCAppDelegate.m in Sources */ = {isa = PBXBuildFile; fileRef = A2353EAC18C0A95600440F0F /* OCAppDelegate.m */; };
		A2353EB018C0A95600440F0F /* Main.storyboard in Resources */ = {isa = PBXBuildFile; fileRef = A2353EAE18C0A95600440F0F /* Main.storyboard */; };
		A2353EB318C0A95600440F0F /* OCViewController.m in Sources */ = {isa = PBXBuildFile; fileRef = A2353EB218C0A95600440F0F /* OCViewController.m */; };
		A2353EB518C0A95600440F0F /* Images.xcassets in Resources */ = {isa = PBXBuildFile; fileRef = A2353EB418C0A95600440F0F /* Images.xcassets */; };
		A2353EBC18C0A95600440F0F /* XCTest.framework in Frameworks */ = {isa = PBXBuildFile; fileRef = A2353EBB18C0A95600440F0F /* XCTest.framework */; };
		A2353EBD18C0A95600440F0F /* Foundation.framework in Frameworks */ = {isa = PBXBuildFile; fileRef = A2353E9C18C0A95600440F0F /* Foundation.framework */; };
		A2353EBE18C0A95600440F0F /* UIKit.framework in Frameworks */ = {isa = PBXBuildFile; fileRef = A2353EA018C0A95600440F0F /* UIKit.framework */; };
		A2353EC618C0A95700440F0F /* InfoPlist.strings in Resources */ = {isa = PBXBuildFile; fileRef = A2353EC418C0A95700440F0F /* InfoPlist.strings */; };
		A2353EC818C0A95700440F0F /* Comics_MakerTests.m in Sources */ = {isa = PBXBuildFile; fileRef = A2353EC718C0A95700440F0F /* Comics_MakerTests.m */; };
		A2353ED318C0BFED00440F0F /* OCTableViewController.m in Sources */ = {isa = PBXBuildFile; fileRef = A2353ED218C0BFED00440F0F /* OCTableViewController.m */; };
		A2353ED618C0CC6600440F0F /* OCTirinha.m in Sources */ = {isa = PBXBuildFile; fileRef = A2353ED518C0CC6600440F0F /* OCTirinha.m */; };
		A2353ED918C0CC7E00440F0F /* OCQuadro.m in Sources */ = {isa = PBXBuildFile; fileRef = A2353ED818C0CC7E00440F0F /* OCQuadro.m */; };
		A2353EDC18C0CCD400440F0F /* OCBaloesDeTexto.m in Sources */ = {isa = PBXBuildFile; fileRef = A2353EDB18C0CCD400440F0F /* OCBaloesDeTexto.m */; };
		A2353EDF18C0CD2B00440F0F /* OCTirinhasSingleton.m in Sources */ = {isa = PBXBuildFile; fileRef = A2353EDE18C0CD2B00440F0F /* OCTirinhasSingleton.m */; };
		A244E10018CE3DD400560772 /* libGPUImage.a in Frameworks */ = {isa = PBXBuildFile; fileRef = A244E0FB18CE3DBD00560772 /* libGPUImage.a */; };
		A244E10218CE3DDE00560772 /* AVFoundation.framework in Frameworks */ = {isa = PBXBuildFile; fileRef = A244E10118CE3DDE00560772 /* AVFoundation.framework */; };
		A244E10418CE3DE300560772 /* CoreMedia.framework in Frameworks */ = {isa = PBXBuildFile; fileRef = A244E10318CE3DE300560772 /* CoreMedia.framework */; };
		A244E10618CE3DE800560772 /* CoreVideo.framework in Frameworks */ = {isa = PBXBuildFile; fileRef = A244E10518CE3DE800560772 /* CoreVideo.framework */; };
		A244E10818CE3DF500560772 /* QuartzCore.framework in Frameworks */ = {isa = PBXBuildFile; fileRef = A244E10718CE3DF500560772 /* QuartzCore.framework */; };
		A244E10A18CE3DFE00560772 /* OpenGLES.framework in Frameworks */ = {isa = PBXBuildFile; fileRef = A244E10918CE3DFE00560772 /* OpenGLES.framework */; };
		AC1D991118D0AA8D00788C07 /* OCNavigationController.m in Sources */ = {isa = PBXBuildFile; fileRef = AC1D991018D0AA8D00788C07 /* OCNavigationController.m */; };
		AC5D7E4818C9F22400FA8DBB /* ok.jpg in Resources */ = {isa = PBXBuildFile; fileRef = AC5D7E4718C9F22400FA8DBB /* ok.jpg */; };
		ACC3A3EC18CF4738003C7438 /* Social.framework in Frameworks */ = {isa = PBXBuildFile; fileRef = ACC3A3EB18CF4738003C7438 /* Social.framework */; };
		AEB2F68E18C8B5970073030D /* OCTirinhaViewController.m in Sources */ = {isa = PBXBuildFile; fileRef = AEB2F68D18C8B5970073030D /* OCTirinhaViewController.m */; };
/* End PBXBuildFile section */

/* Begin PBXContainerItemProxy section */
		A2353EBF18C0A95600440F0F /* PBXContainerItemProxy */ = {
			isa = PBXContainerItemProxy;
			containerPortal = A2353E9118C0A95600440F0F /* Project object */;
			proxyType = 1;
			remoteGlobalIDString = A2353E9818C0A95600440F0F;
			remoteInfo = "Comics Maker";
		};
		A244E0FA18CE3DBD00560772 /* PBXContainerItemProxy */ = {
			isa = PBXContainerItemProxy;
			containerPortal = A244E0F418CE3DBC00560772 /* GPUImage.xcodeproj */;
			proxyType = 2;
			remoteGlobalIDString = BCF1A33414DDB1EC00852800;
			remoteInfo = GPUImage;
		};
		A244E0FC18CE3DBD00560772 /* PBXContainerItemProxy */ = {
			isa = PBXContainerItemProxy;
			containerPortal = A244E0F418CE3DBC00560772 /* GPUImage.xcodeproj */;
			proxyType = 2;
			remoteGlobalIDString = BCF1A34414DDB1EC00852800;
			remoteInfo = GPUImageTests;
		};
		A244E0FE18CE3DC700560772 /* PBXContainerItemProxy */ = {
			isa = PBXContainerItemProxy;
			containerPortal = A244E0F418CE3DBC00560772 /* GPUImage.xcodeproj */;
			proxyType = 1;
			remoteGlobalIDString = BCF1A33314DDB1EC00852800;
			remoteInfo = GPUImage;
		};
/* End PBXContainerItemProxy section */

/* Begin PBXFileReference section */
		A2353E9918C0A95600440F0F /* Comics Maker.app */ = {isa = PBXFileReference; explicitFileType = wrapper.application; includeInIndex = 0; path = "Comics Maker.app"; sourceTree = BUILT_PRODUCTS_DIR; };
		A2353E9C18C0A95600440F0F /* Foundation.framework */ = {isa = PBXFileReference; lastKnownFileType = wrapper.framework; name = Foundation.framework; path = System/Library/Frameworks/Foundation.framework; sourceTree = SDKROOT; };
		A2353E9E18C0A95600440F0F /* CoreGraphics.framework */ = {isa = PBXFileReference; lastKnownFileType = wrapper.framework; name = CoreGraphics.framework; path = System/Library/Frameworks/CoreGraphics.framework; sourceTree = SDKROOT; };
		A2353EA018C0A95600440F0F /* UIKit.framework */ = {isa = PBXFileReference; lastKnownFileType = wrapper.framework; name = UIKit.framework; path = System/Library/Frameworks/UIKit.framework; sourceTree = SDKROOT; };
		A2353EA418C0A95600440F0F /* Comics Maker-Info.plist */ = {isa = PBXFileReference; lastKnownFileType = text.plist.xml; path = "Comics Maker-Info.plist"; sourceTree = "<group>"; };
		A2353EA618C0A95600440F0F /* en */ = {isa = PBXFileReference; lastKnownFileType = text.plist.strings; name = en; path = en.lproj/InfoPlist.strings; sourceTree = "<group>"; };
		A2353EA818C0A95600440F0F /* main.m */ = {isa = PBXFileReference; lastKnownFileType = sourcecode.c.objc; path = main.m; sourceTree = "<group>"; };
		A2353EAA18C0A95600440F0F /* Comics Maker-Prefix.pch */ = {isa = PBXFileReference; lastKnownFileType = sourcecode.c.h; path = "Comics Maker-Prefix.pch"; sourceTree = "<group>"; };
		A2353EAB18C0A95600440F0F /* OCAppDelegate.h */ = {isa = PBXFileReference; lastKnownFileType = sourcecode.c.h; path = OCAppDelegate.h; sourceTree = "<group>"; };
		A2353EAC18C0A95600440F0F /* OCAppDelegate.m */ = {isa = PBXFileReference; lastKnownFileType = sourcecode.c.objc; path = OCAppDelegate.m; sourceTree = "<group>"; };
		A2353EAF18C0A95600440F0F /* Base */ = {isa = PBXFileReference; lastKnownFileType = file.storyboard; name = Base; path = Base.lproj/Main.storyboard; sourceTree = "<group>"; };
		A2353EB118C0A95600440F0F /* OCViewController.h */ = {isa = PBXFileReference; lastKnownFileType = sourcecode.c.h; path = OCViewController.h; sourceTree = "<group>"; };
		A2353EB218C0A95600440F0F /* OCViewController.m */ = {isa = PBXFileReference; lastKnownFileType = sourcecode.c.objc; path = OCViewController.m; sourceTree = "<group>"; };
		A2353EB418C0A95600440F0F /* Images.xcassets */ = {isa = PBXFileReference; lastKnownFileType = folder.assetcatalog; path = Images.xcassets; sourceTree = "<group>"; };
		A2353EBA18C0A95600440F0F /* Comics MakerTests.xctest */ = {isa = PBXFileReference; explicitFileType = wrapper.cfbundle; includeInIndex = 0; path = "Comics MakerTests.xctest"; sourceTree = BUILT_PRODUCTS_DIR; };
		A2353EBB18C0A95600440F0F /* XCTest.framework */ = {isa = PBXFileReference; lastKnownFileType = wrapper.framework; name = XCTest.framework; path = Library/Frameworks/XCTest.framework; sourceTree = DEVELOPER_DIR; };
		A2353EC318C0A95600440F0F /* Comics MakerTests-Info.plist */ = {isa = PBXFileReference; lastKnownFileType = text.plist.xml; path = "Comics MakerTests-Info.plist"; sourceTree = "<group>"; };
		A2353EC518C0A95700440F0F /* en */ = {isa = PBXFileReference; lastKnownFileType = text.plist.strings; name = en; path = en.lproj/InfoPlist.strings; sourceTree = "<group>"; };
		A2353EC718C0A95700440F0F /* Comics_MakerTests.m */ = {isa = PBXFileReference; lastKnownFileType = sourcecode.c.objc; path = Comics_MakerTests.m; sourceTree = "<group>"; };
		A2353ED118C0BFED00440F0F /* OCTableViewController.h */ = {isa = PBXFileReference; fileEncoding = 4; lastKnownFileType = sourcecode.c.h; path = OCTableViewController.h; sourceTree = "<group>"; };
		A2353ED218C0BFED00440F0F /* OCTableViewController.m */ = {isa = PBXFileReference; fileEncoding = 4; lastKnownFileType = sourcecode.c.objc; path = OCTableViewController.m; sourceTree = "<group>"; };
		A2353ED418C0CC6600440F0F /* OCTirinha.h */ = {isa = PBXFileReference; fileEncoding = 4; lastKnownFileType = sourcecode.c.h; path = OCTirinha.h; sourceTree = "<group>"; };
		A2353ED518C0CC6600440F0F /* OCTirinha.m */ = {isa = PBXFileReference; fileEncoding = 4; lastKnownFileType = sourcecode.c.objc; path = OCTirinha.m; sourceTree = "<group>"; };
		A2353ED718C0CC7E00440F0F /* OCQuadro.h */ = {isa = PBXFileReference; fileEncoding = 4; lastKnownFileType = sourcecode.c.h; path = OCQuadro.h; sourceTree = "<group>"; };
		A2353ED818C0CC7E00440F0F /* OCQuadro.m */ = {isa = PBXFileReference; fileEncoding = 4; lastKnownFileType = sourcecode.c.objc; path = OCQuadro.m; sourceTree = "<group>"; };
		A2353EDA18C0CCD400440F0F /* OCBaloesDeTexto.h */ = {isa = PBXFileReference; fileEncoding = 4; lastKnownFileType = sourcecode.c.h; path = OCBaloesDeTexto.h; sourceTree = "<group>"; };
		A2353EDB18C0CCD400440F0F /* OCBaloesDeTexto.m */ = {isa = PBXFileReference; fileEncoding = 4; lastKnownFileType = sourcecode.c.objc; path = OCBaloesDeTexto.m; sourceTree = "<group>"; };
		A2353EDD18C0CD2B00440F0F /* OCTirinhasSingleton.h */ = {isa = PBXFileReference; fileEncoding = 4; lastKnownFileType = sourcecode.c.h; path = OCTirinhasSingleton.h; sourceTree = "<group>"; };
		A2353EDE18C0CD2B00440F0F /* OCTirinhasSingleton.m */ = {isa = PBXFileReference; fileEncoding = 4; lastKnownFileType = sourcecode.c.objc; path = OCTirinhasSingleton.m; sourceTree = "<group>"; };
		A244E0F418CE3DBC00560772 /* GPUImage.xcodeproj */ = {isa = PBXFileReference; lastKnownFileType = "wrapper.pb-project"; name = GPUImage.xcodeproj; path = "Comics Maker/Submodules/GPUImage/framework/GPUImage.xcodeproj"; sourceTree = "<group>"; };
		A244E10118CE3DDE00560772 /* AVFoundation.framework */ = {isa = PBXFileReference; lastKnownFileType = wrapper.framework; name = AVFoundation.framework; path = System/Library/Frameworks/AVFoundation.framework; sourceTree = SDKROOT; };
		A244E10318CE3DE300560772 /* CoreMedia.framework */ = {isa = PBXFileReference; lastKnownFileType = wrapper.framework; name = CoreMedia.framework; path = System/Library/Frameworks/CoreMedia.framework; sourceTree = SDKROOT; };
		A244E10518CE3DE800560772 /* CoreVideo.framework */ = {isa = PBXFileReference; lastKnownFileType = wrapper.framework; name = CoreVideo.framework; path = System/Library/Frameworks/CoreVideo.framework; sourceTree = SDKROOT; };
		A244E10718CE3DF500560772 /* QuartzCore.framework */ = {isa = PBXFileReference; lastKnownFileType = wrapper.framework; name = QuartzCore.framework; path = System/Library/Frameworks/QuartzCore.framework; sourceTree = SDKROOT; };
		A244E10918CE3DFE00560772 /* OpenGLES.framework */ = {isa = PBXFileReference; lastKnownFileType = wrapper.framework; name = OpenGLES.framework; path = System/Library/Frameworks/OpenGLES.framework; sourceTree = SDKROOT; };
		AC1D990F18D0AA8D00788C07 /* OCNavigationController.h */ = {isa = PBXFileReference; fileEncoding = 4; lastKnownFileType = sourcecode.c.h; path = OCNavigationController.h; sourceTree = "<group>"; };
		AC1D991018D0AA8D00788C07 /* OCNavigationController.m */ = {isa = PBXFileReference; fileEncoding = 4; lastKnownFileType = sourcecode.c.objc; path = OCNavigationController.m; sourceTree = "<group>"; };
		AC5D7E4718C9F22400FA8DBB /* ok.jpg */ = {isa = PBXFileReference; lastKnownFileType = image.jpeg; name = ok.jpg; path = Imagens/ok.jpg; sourceTree = "<group>"; };
		ACC3A3EB18CF4738003C7438 /* Social.framework */ = {isa = PBXFileReference; lastKnownFileType = wrapper.framework; name = Social.framework; path = System/Library/Frameworks/Social.framework; sourceTree = SDKROOT; };
		AEB2F68C18C8B5970073030D /* OCTirinhaViewController.h */ = {isa = PBXFileReference; fileEncoding = 4; lastKnownFileType = sourcecode.c.h; path = OCTirinhaViewController.h; sourceTree = "<group>"; };
		AEB2F68D18C8B5970073030D /* OCTirinhaViewController.m */ = {isa = PBXFileReference; fileEncoding = 4; lastKnownFileType = sourcecode.c.objc; path = OCTirinhaViewController.m; sourceTree = "<group>"; };
/* End PBXFileReference section */

/* Begin PBXFrameworksBuildPhase section */
		A2353E9618C0A95600440F0F /* Frameworks */ = {
			isa = PBXFrameworksBuildPhase;
			buildActionMask = 2147483647;
			files = (
				ACC3A3EC18CF4738003C7438 /* Social.framework in Frameworks */,
				A244E10A18CE3DFE00560772 /* OpenGLES.framework in Frameworks */,
				A244E10818CE3DF500560772 /* QuartzCore.framework in Frameworks */,
				A244E10618CE3DE800560772 /* CoreVideo.framework in Frameworks */,
				A244E10418CE3DE300560772 /* CoreMedia.framework in Frameworks */,
				A244E10218CE3DDE00560772 /* AVFoundation.framework in Frameworks */,
				A244E10018CE3DD400560772 /* libGPUImage.a in Frameworks */,
				A2353E9F18C0A95600440F0F /* CoreGraphics.framework in Frameworks */,
				A2353EA118C0A95600440F0F /* UIKit.framework in Frameworks */,
				A2353E9D18C0A95600440F0F /* Foundation.framework in Frameworks */,
			);
			runOnlyForDeploymentPostprocessing = 0;
		};
		A2353EB718C0A95600440F0F /* Frameworks */ = {
			isa = PBXFrameworksBuildPhase;
			buildActionMask = 2147483647;
			files = (
				A2353EBC18C0A95600440F0F /* XCTest.framework in Frameworks */,
				A2353EBE18C0A95600440F0F /* UIKit.framework in Frameworks */,
				A2353EBD18C0A95600440F0F /* Foundation.framework in Frameworks */,
			);
			runOnlyForDeploymentPostprocessing = 0;
		};
/* End PBXFrameworksBuildPhase section */

/* Begin PBXGroup section */
		A2353E9018C0A95600440F0F = {
			isa = PBXGroup;
			children = (
				A244E0F418CE3DBC00560772 /* GPUImage.xcodeproj */,
				A2353EA218C0A95600440F0F /* Comics Maker */,
				A2353EC118C0A95600440F0F /* Comics MakerTests */,
				A2353E9B18C0A95600440F0F /* Frameworks */,
				A2353E9A18C0A95600440F0F /* Products */,
			);
			sourceTree = "<group>";
		};
		A2353E9A18C0A95600440F0F /* Products */ = {
			isa = PBXGroup;
			children = (
				A2353E9918C0A95600440F0F /* Comics Maker.app */,
				A2353EBA18C0A95600440F0F /* Comics MakerTests.xctest */,
			);
			name = Products;
			sourceTree = "<group>";
		};
		A2353E9B18C0A95600440F0F /* Frameworks */ = {
			isa = PBXGroup;
			children = (
				ACC3A3EB18CF4738003C7438 /* Social.framework */,
				A244E10918CE3DFE00560772 /* OpenGLES.framework */,
				A244E10718CE3DF500560772 /* QuartzCore.framework */,
				A244E10518CE3DE800560772 /* CoreVideo.framework */,
				A244E10318CE3DE300560772 /* CoreMedia.framework */,
				A244E10118CE3DDE00560772 /* AVFoundation.framework */,
				A2353E9C18C0A95600440F0F /* Foundation.framework */,
				A2353E9E18C0A95600440F0F /* CoreGraphics.framework */,
				A2353EA018C0A95600440F0F /* UIKit.framework */,
				A2353EBB18C0A95600440F0F /* XCTest.framework */,
			);
			name = Frameworks;
			sourceTree = "<group>";
		};
		A2353EA218C0A95600440F0F /* Comics Maker */ = {
			isa = PBXGroup;
			children = (
				A2353EAE18C0A95600440F0F /* Main.storyboard */,
				A2353EAB18C0A95600440F0F /* OCAppDelegate.h */,
				A2353EAC18C0A95600440F0F /* OCAppDelegate.m */,
				A2353EB118C0A95600440F0F /* OCViewController.h */,
				A2353EB218C0A95600440F0F /* OCViewController.m */,
				A2353ED118C0BFED00440F0F /* OCTableViewController.h */,
				A2353ED218C0BFED00440F0F /* OCTableViewController.m */,
				AEB2F68C18C8B5970073030D /* OCTirinhaViewController.h */,
				AEB2F68D18C8B5970073030D /* OCTirinhaViewController.m */,
				AC1D990F18D0AA8D00788C07 /* OCNavigationController.h */,
				AC1D991018D0AA8D00788C07 /* OCNavigationController.m */,
				AC5D7E4918C9F22C00FA8DBB /* Imagens */,
				A2353EE018C0CD3900440F0F /* Model */,
				A2353EB418C0A95600440F0F /* Images.xcassets */,
				A2353EA318C0A95600440F0F /* Supporting Files */,
			);
			path = "Comics Maker";
			sourceTree = "<group>";
		};
		A2353EA318C0A95600440F0F /* Supporting Files */ = {
			isa = PBXGroup;
			children = (
				A2353EA418C0A95600440F0F /* Comics Maker-Info.plist */,
				A2353EA518C0A95600440F0F /* InfoPlist.strings */,
				A2353EA818C0A95600440F0F /* main.m */,
				A2353EAA18C0A95600440F0F /* Comics Maker-Prefix.pch */,
			);
			name = "Supporting Files";
			sourceTree = "<group>";
		};
		A2353EC118C0A95600440F0F /* Comics MakerTests */ = {
			isa = PBXGroup;
			children = (
				A2353EC718C0A95700440F0F /* Comics_MakerTests.m */,
				A2353EC218C0A95600440F0F /* Supporting Files */,
			);
			path = "Comics MakerTests";
			sourceTree = "<group>";
		};
		A2353EC218C0A95600440F0F /* Supporting Files */ = {
			isa = PBXGroup;
			children = (
				A2353EC318C0A95600440F0F /* Comics MakerTests-Info.plist */,
				A2353EC418C0A95700440F0F /* InfoPlist.strings */,
			);
			name = "Supporting Files";
			sourceTree = "<group>";
		};
		A2353EE018C0CD3900440F0F /* Model */ = {
			isa = PBXGroup;
			children = (
				A2353ED418C0CC6600440F0F /* OCTirinha.h */,
				A2353ED518C0CC6600440F0F /* OCTirinha.m */,
				A2353ED718C0CC7E00440F0F /* OCQuadro.h */,
				A2353ED818C0CC7E00440F0F /* OCQuadro.m */,
				A2353EDA18C0CCD400440F0F /* OCBaloesDeTexto.h */,
				A2353EDB18C0CCD400440F0F /* OCBaloesDeTexto.m */,
				A2353EDD18C0CD2B00440F0F /* OCTirinhasSingleton.h */,
				A2353EDE18C0CD2B00440F0F /* OCTirinhasSingleton.m */,
			);
			name = Model;
			sourceTree = "<group>";
		};
		A244E0F518CE3DBC00560772 /* Products */ = {
			isa = PBXGroup;
			children = (
				A244E0FB18CE3DBD00560772 /* libGPUImage.a */,
				A244E0FD18CE3DBD00560772 /* GPUImageTests.octest */,
			);
			name = Products;
			sourceTree = "<group>";
		};
		AC5D7E4918C9F22C00FA8DBB /* Imagens */ = {
			isa = PBXGroup;
			children = (
				AC5D7E4718C9F22400FA8DBB /* ok.jpg */,
			);
			name = Imagens;
			sourceTree = "<group>";
		};
/* End PBXGroup section */

/* Begin PBXNativeTarget section */
		A2353E9818C0A95600440F0F /* Comics Maker */ = {
			isa = PBXNativeTarget;
			buildConfigurationList = A2353ECB18C0A95700440F0F /* Build configuration list for PBXNativeTarget "Comics Maker" */;
			buildPhases = (
				A2353E9518C0A95600440F0F /* Sources */,
				A2353E9618C0A95600440F0F /* Frameworks */,
				A2353E9718C0A95600440F0F /* Resources */,
			);
			buildRules = (
			);
			dependencies = (
				A244E0FF18CE3DC700560772 /* PBXTargetDependency */,
			);
			name = "Comics Maker";
			productName = "Comics Maker";
			productReference = A2353E9918C0A95600440F0F /* Comics Maker.app */;
			productType = "com.apple.product-type.application";
		};
		A2353EB918C0A95600440F0F /* Comics MakerTests */ = {
			isa = PBXNativeTarget;
			buildConfigurationList = A2353ECE18C0A95700440F0F /* Build configuration list for PBXNativeTarget "Comics MakerTests" */;
			buildPhases = (
				A2353EB618C0A95600440F0F /* Sources */,
				A2353EB718C0A95600440F0F /* Frameworks */,
				A2353EB818C0A95600440F0F /* Resources */,
			);
			buildRules = (
			);
			dependencies = (
				A2353EC018C0A95600440F0F /* PBXTargetDependency */,
			);
			name = "Comics MakerTests";
			productName = "Comics MakerTests";
			productReference = A2353EBA18C0A95600440F0F /* Comics MakerTests.xctest */;
			productType = "com.apple.product-type.bundle.unit-test";
		};
/* End PBXNativeTarget section */

/* Begin PBXProject section */
		A2353E9118C0A95600440F0F /* Project object */ = {
			isa = PBXProject;
			attributes = {
				CLASSPREFIX = OC;
				LastUpgradeCheck = 0500;
				ORGANIZATIONNAME = "___FULLUSERNAME___";
				TargetAttributes = {
					A2353EB918C0A95600440F0F = {
						TestTargetID = A2353E9818C0A95600440F0F;
					};
				};
			};
			buildConfigurationList = A2353E9418C0A95600440F0F /* Build configuration list for PBXProject "Comics Maker" */;
			compatibilityVersion = "Xcode 3.2";
			developmentRegion = English;
			hasScannedForEncodings = 0;
			knownRegions = (
				en,
				Base,
			);
			mainGroup = A2353E9018C0A95600440F0F;
			productRefGroup = A2353E9A18C0A95600440F0F /* Products */;
			projectDirPath = "";
			projectReferences = (
				{
					ProductGroup = A244E0F518CE3DBC00560772 /* Products */;
					ProjectRef = A244E0F418CE3DBC00560772 /* GPUImage.xcodeproj */;
				},
			);
			projectRoot = "";
			targets = (
				A2353E9818C0A95600440F0F /* Comics Maker */,
				A2353EB918C0A95600440F0F /* Comics MakerTests */,
			);
		};
/* End PBXProject section */

/* Begin PBXReferenceProxy section */
		A244E0FB18CE3DBD00560772 /* libGPUImage.a */ = {
			isa = PBXReferenceProxy;
			fileType = archive.ar;
			path = libGPUImage.a;
			remoteRef = A244E0FA18CE3DBD00560772 /* PBXContainerItemProxy */;
			sourceTree = BUILT_PRODUCTS_DIR;
		};
		A244E0FD18CE3DBD00560772 /* GPUImageTests.octest */ = {
			isa = PBXReferenceProxy;
			fileType = wrapper.cfbundle;
			path = GPUImageTests.octest;
			remoteRef = A244E0FC18CE3DBD00560772 /* PBXContainerItemProxy */;
			sourceTree = BUILT_PRODUCTS_DIR;
		};
/* End PBXReferenceProxy section */

/* Begin PBXResourcesBuildPhase section */
		A2353E9718C0A95600440F0F /* Resources */ = {
			isa = PBXResourcesBuildPhase;
			buildActionMask = 2147483647;
			files = (
				AC5D7E4818C9F22400FA8DBB /* ok.jpg in Resources */,
				A2353EB518C0A95600440F0F /* Images.xcassets in Resources */,
				A2353EA718C0A95600440F0F /* InfoPlist.strings in Resources */,
				A2353EB018C0A95600440F0F /* Main.storyboard in Resources */,
			);
			runOnlyForDeploymentPostprocessing = 0;
		};
		A2353EB818C0A95600440F0F /* Resources */ = {
			isa = PBXResourcesBuildPhase;
			buildActionMask = 2147483647;
			files = (
				A2353EC618C0A95700440F0F /* InfoPlist.strings in Resources */,
			);
			runOnlyForDeploymentPostprocessing = 0;
		};
/* End PBXResourcesBuildPhase section */

/* Begin PBXSourcesBuildPhase section */
		A2353E9518C0A95600440F0F /* Sources */ = {
			isa = PBXSourcesBuildPhase;
			buildActionMask = 2147483647;
			files = (
				A2353ED618C0CC6600440F0F /* OCTirinha.m in Sources */,
				A2353EAD18C0A95600440F0F /* OCAppDelegate.m in Sources */,
				A2353EA918C0A95600440F0F /* main.m in Sources */,
				AC1D991118D0AA8D00788C07 /* OCNavigationController.m in Sources */,
				AEB2F68E18C8B5970073030D /* OCTirinhaViewController.m in Sources */,
				A2353EB318C0A95600440F0F /* OCViewController.m in Sources */,
				A2353ED318C0BFED00440F0F /* OCTableViewController.m in Sources */,
				A2353ED918C0CC7E00440F0F /* OCQuadro.m in Sources */,
				A2353EDC18C0CCD400440F0F /* OCBaloesDeTexto.m in Sources */,
				A2353EDF18C0CD2B00440F0F /* OCTirinhasSingleton.m in Sources */,
			);
			runOnlyForDeploymentPostprocessing = 0;
		};
		A2353EB618C0A95600440F0F /* Sources */ = {
			isa = PBXSourcesBuildPhase;
			buildActionMask = 2147483647;
			files = (
				A2353EC818C0A95700440F0F /* Comics_MakerTests.m in Sources */,
			);
			runOnlyForDeploymentPostprocessing = 0;
		};
/* End PBXSourcesBuildPhase section */

/* Begin PBXTargetDependency section */
		A2353EC018C0A95600440F0F /* PBXTargetDependency */ = {
			isa = PBXTargetDependency;
			target = A2353E9818C0A95600440F0F /* Comics Maker */;
			targetProxy = A2353EBF18C0A95600440F0F /* PBXContainerItemProxy */;
		};
		A244E0FF18CE3DC700560772 /* PBXTargetDependency */ = {
			isa = PBXTargetDependency;
			name = GPUImage;
			targetProxy = A244E0FE18CE3DC700560772 /* PBXContainerItemProxy */;
		};
/* End PBXTargetDependency section */

/* Begin PBXVariantGroup section */
		A2353EA518C0A95600440F0F /* InfoPlist.strings */ = {
			isa = PBXVariantGroup;
			children = (
				A2353EA618C0A95600440F0F /* en */,
			);
			name = InfoPlist.strings;
			sourceTree = "<group>";
		};
		A2353EAE18C0A95600440F0F /* Main.storyboard */ = {
			isa = PBXVariantGroup;
			children = (
				A2353EAF18C0A95600440F0F /* Base */,
			);
			name = Main.storyboard;
			sourceTree = "<group>";
		};
		A2353EC418C0A95700440F0F /* InfoPlist.strings */ = {
			isa = PBXVariantGroup;
			children = (
				A2353EC518C0A95700440F0F /* en */,
			);
			name = InfoPlist.strings;
			sourceTree = "<group>";
		};
/* End PBXVariantGroup section */

/* Begin XCBuildConfiguration section */
		A2353EC918C0A95700440F0F /* Debug */ = {
			isa = XCBuildConfiguration;
			buildSettings = {
				ALWAYS_SEARCH_USER_PATHS = NO;
				ARCHS = "$(ARCHS_STANDARD_INCLUDING_64_BIT)";
				CLANG_CXX_LANGUAGE_STANDARD = "gnu++0x";
				CLANG_CXX_LIBRARY = "libc++";
				CLANG_ENABLE_MODULES = YES;
				CLANG_ENABLE_OBJC_ARC = YES;
				CLANG_WARN_BOOL_CONVERSION = YES;
				CLANG_WARN_CONSTANT_CONVERSION = YES;
				CLANG_WARN_DIRECT_OBJC_ISA_USAGE = YES_ERROR;
				CLANG_WARN_EMPTY_BODY = YES;
				CLANG_WARN_ENUM_CONVERSION = YES;
				CLANG_WARN_INT_CONVERSION = YES;
				CLANG_WARN_OBJC_ROOT_CLASS = YES_ERROR;
				CLANG_WARN__DUPLICATE_METHOD_MATCH = YES;
				"CODE_SIGN_IDENTITY[sdk=iphoneos*]" = "iPhone Developer";
				COPY_PHASE_STRIP = NO;
				GCC_C_LANGUAGE_STANDARD = gnu99;
				GCC_DYNAMIC_NO_PIC = NO;
				GCC_OPTIMIZATION_LEVEL = 0;
				GCC_PREPROCESSOR_DEFINITIONS = (
					"DEBUG=1",
					"$(inherited)",
				);
				GCC_SYMBOLS_PRIVATE_EXTERN = NO;
				GCC_WARN_64_TO_32_BIT_CONVERSION = YES;
				GCC_WARN_ABOUT_RETURN_TYPE = YES_ERROR;
				GCC_WARN_UNDECLARED_SELECTOR = YES;
				GCC_WARN_UNINITIALIZED_AUTOS = YES;
				GCC_WARN_UNUSED_FUNCTION = YES;
				GCC_WARN_UNUSED_VARIABLE = YES;
				IPHONEOS_DEPLOYMENT_TARGET = 7.0;
				ONLY_ACTIVE_ARCH = YES;
				SDKROOT = iphoneos;
			};
			name = Debug;
		};
		A2353ECA18C0A95700440F0F /* Release */ = {
			isa = XCBuildConfiguration;
			buildSettings = {
				ALWAYS_SEARCH_USER_PATHS = NO;
				ARCHS = "$(ARCHS_STANDARD_INCLUDING_64_BIT)";
				CLANG_CXX_LANGUAGE_STANDARD = "gnu++0x";
				CLANG_CXX_LIBRARY = "libc++";
				CLANG_ENABLE_MODULES = YES;
				CLANG_ENABLE_OBJC_ARC = YES;
				CLANG_WARN_BOOL_CONVERSION = YES;
				CLANG_WARN_CONSTANT_CONVERSION = YES;
				CLANG_WARN_DIRECT_OBJC_ISA_USAGE = YES_ERROR;
				CLANG_WARN_EMPTY_BODY = YES;
				CLANG_WARN_ENUM_CONVERSION = YES;
				CLANG_WARN_INT_CONVERSION = YES;
				CLANG_WARN_OBJC_ROOT_CLASS = YES_ERROR;
				CLANG_WARN__DUPLICATE_METHOD_MATCH = YES;
				"CODE_SIGN_IDENTITY[sdk=iphoneos*]" = "iPhone Developer";
				COPY_PHASE_STRIP = YES;
				ENABLE_NS_ASSERTIONS = NO;
				GCC_C_LANGUAGE_STANDARD = gnu99;
				GCC_WARN_64_TO_32_BIT_CONVERSION = YES;
				GCC_WARN_ABOUT_RETURN_TYPE = YES_ERROR;
				GCC_WARN_UNDECLARED_SELECTOR = YES;
				GCC_WARN_UNINITIALIZED_AUTOS = YES;
				GCC_WARN_UNUSED_FUNCTION = YES;
				GCC_WARN_UNUSED_VARIABLE = YES;
				IPHONEOS_DEPLOYMENT_TARGET = 7.0;
				SDKROOT = iphoneos;
				VALIDATE_PRODUCT = YES;
			};
			name = Release;
		};
		A2353ECC18C0A95700440F0F /* Debug */ = {
			isa = XCBuildConfiguration;
			buildSettings = {
				ASSETCATALOG_COMPILER_APPICON_NAME = AppIcon;
				ASSETCATALOG_COMPILER_LAUNCHIMAGE_NAME = LaunchImage;
				GCC_PRECOMPILE_PREFIX_HEADER = YES;
				GCC_PREFIX_HEADER = "Comics Maker/Comics Maker-Prefix.pch";
				HEADER_SEARCH_PATHS = "/Users/RodrigoSoldi/Desktop/Projetos/Comics-Maker/Comics\\ Maker/Submodules/GPUImage/framework/**";
				INFOPLIST_FILE = "Comics Maker/Comics Maker-Info.plist";
				PRODUCT_NAME = "$(TARGET_NAME)";
				WRAPPER_EXTENSION = app;
			};
			name = Debug;
		};
		A2353ECD18C0A95700440F0F /* Release */ = {
			isa = XCBuildConfiguration;
			buildSettings = {
				ASSETCATALOG_COMPILER_APPICON_NAME = AppIcon;
				ASSETCATALOG_COMPILER_LAUNCHIMAGE_NAME = LaunchImage;
				GCC_PRECOMPILE_PREFIX_HEADER = YES;
				GCC_PREFIX_HEADER = "Comics Maker/Comics Maker-Prefix.pch";
				HEADER_SEARCH_PATHS = "/Users/RodrigoSoldi/Desktop/Projetos/Comics-Maker/Comics\\ Maker/Submodules/GPUImage/framework/**";
				INFOPLIST_FILE = "Comics Maker/Comics Maker-Info.plist";
				PRODUCT_NAME = "$(TARGET_NAME)";
				WRAPPER_EXTENSION = app;
			};
			name = Release;
		};
		A2353ECF18C0A95700440F0F /* Debug */ = {
			isa = XCBuildConfiguration;
			buildSettings = {
				ARCHS = "$(ARCHS_STANDARD_INCLUDING_64_BIT)";
				BUNDLE_LOADER = "$(BUILT_PRODUCTS_DIR)/Comics Maker.app/Comics Maker";
				FRAMEWORK_SEARCH_PATHS = (
					"$(SDKROOT)/Developer/Library/Frameworks",
					"$(inherited)",
					"$(DEVELOPER_FRAMEWORKS_DIR)",
				);
				GCC_PRECOMPILE_PREFIX_HEADER = YES;
				GCC_PREFIX_HEADER = "Comics Maker/Comics Maker-Prefix.pch";
				GCC_PREPROCESSOR_DEFINITIONS = (
					"DEBUG=1",
					"$(inherited)",
				);
				INFOPLIST_FILE = "Comics MakerTests/Comics MakerTests-Info.plist";
				PRODUCT_NAME = "$(TARGET_NAME)";
				TEST_HOST = "$(BUNDLE_LOADER)";
				WRAPPER_EXTENSION = xctest;
			};
			name = Debug;
		};
		A2353ED018C0A95700440F0F /* Release */ = {
			isa = XCBuildConfiguration;
			buildSettings = {
				ARCHS = "$(ARCHS_STANDARD_INCLUDING_64_BIT)";
				BUNDLE_LOADER = "$(BUILT_PRODUCTS_DIR)/Comics Maker.app/Comics Maker";
				FRAMEWORK_SEARCH_PATHS = (
					"$(SDKROOT)/Developer/Library/Frameworks",
					"$(inherited)",
					"$(DEVELOPER_FRAMEWORKS_DIR)",
				);
				GCC_PRECOMPILE_PREFIX_HEADER = YES;
				GCC_PREFIX_HEADER = "Comics Maker/Comics Maker-Prefix.pch";
				INFOPLIST_FILE = "Comics MakerTests/Comics MakerTests-Info.plist";
				PRODUCT_NAME = "$(TARGET_NAME)";
				TEST_HOST = "$(BUNDLE_LOADER)";
				WRAPPER_EXTENSION = xctest;
			};
			name = Release;
		};
/* End XCBuildConfiguration section */

/* Begin XCConfigurationList section */
		A2353E9418C0A95600440F0F /* Build configuration list for PBXProject "Comics Maker" */ = {
			isa = XCConfigurationList;
			buildConfigurations = (
				A2353EC918C0A95700440F0F /* Debug */,
				A2353ECA18C0A95700440F0F /* Release */,
			);
			defaultConfigurationIsVisible = 0;
			defaultConfigurationName = Release;
		};
		A2353ECB18C0A95700440F0F /* Build configuration list for PBXNativeTarget "Comics Maker" */ = {
			isa = XCConfigurationList;
			buildConfigurations = (
				A2353ECC18C0A95700440F0F /* Debug */,
				A2353ECD18C0A95700440F0F /* Release */,
			);
			defaultConfigurationIsVisible = 0;
			defaultConfigurationName = Release;
		};
		A2353ECE18C0A95700440F0F /* Build configuration list for PBXNativeTarget "Comics MakerTests" */ = {
			isa = XCConfigurationList;
			buildConfigurations = (
				A2353ECF18C0A95700440F0F /* Debug */,
				A2353ED018C0A95700440F0F /* Release */,
			);
			defaultConfigurationIsVisible = 0;
			defaultConfigurationName = Release;
		};
/* End XCConfigurationList section */
	};
	rootObject = A2353E9118C0A95600440F0F /* Project object */;
}
